
Microsoft Visual Studio Solution File, Format Version 12.00
# Visual Studio Version 16
VisualStudioVersion = 16.0.30114.105
MinimumVisualStudioVersion = 10.0.40219.1
Project("{FAE04EC0-301F-11D3-BF4B-00C04F79EFBC}") = "cis174projects", "cis174projects.csproj", "{87838696-296E-48DA-8E22-74CD112462F2}"
EndProject
Global
	GlobalSection(SolutionConfigurationPlatforms) = preSolution
		Debug|Any CPU = Debug|Any CPU
		Release|Any CPU = Release|Any CPU
	EndGlobalSection
	GlobalSection(ProjectConfigurationPlatforms) = postSolution
		{87838696-296E-48DA-8E22-74CD112462F2}.Debug|Any CPU.ActiveCfg = Debug|Any CPU
		{87838696-296E-48DA-8E22-74CD112462F2}.Debug|Any CPU.Build.0 = Debug|Any CPU
		{87838696-296E-48DA-8E22-74CD112462F2}.Release|Any CPU.ActiveCfg = Release|Any CPU
		{87838696-296E-48DA-8E22-74CD112462F2}.Release|Any CPU.Build.0 = Release|Any CPU
	EndGlobalSection
	GlobalSection(SolutionProperties) = preSolution
		HideSolutionNode = FALSE
	EndGlobalSection
	GlobalSection(ExtensibilityGlobals) = postSolution
		SolutionGuid = {3FF7BA0B-21D0-4E2D-859E-40A874E582B3}
	EndGlobalSection
EndGlobal
